
Microsoft Visual Studio Solution File, Format Version 12.00
# Visual Studio Version 17
VisualStudioVersion = 17.4.33213.308
MinimumVisualStudioVersion = 10.0.40219.1
Project("{FAE04EC0-301F-11D3-BF4B-00C04F79EFBC}") = "MyFirstWebAPI", "MyFirstWebAPI\MyFirstWebAPI.csproj", "{8BFAB677-AF98-47EA-ADE7-92CF74005090}"
EndProject
Global
	GlobalSection(SolutionConfigurationPlatforms) = preSolution
		Debug|Any CPU = Debug|Any CPU
		Release|Any CPU = Release|Any CPU
	EndGlobalSection
	GlobalSection(ProjectConfigurationPlatforms) = postSolution
		{8BFAB677-AF98-47EA-ADE7-92CF74005090}.Debug|Any CPU.ActiveCfg = Debug|Any CPU
		{8BFAB677-AF98-47EA-ADE7-92CF74005090}.Debug|Any CPU.Build.0 = Debug|Any CPU
		{8BFAB677-AF98-47EA-ADE7-92CF74005090}.Release|Any CPU.ActiveCfg = Release|Any CPU
		{8BFAB677-AF98-47EA-ADE7-92CF74005090}.Release|Any CPU.Build.0 = Release|Any CPU
	EndGlobalSection
	GlobalSection(SolutionProperties) = preSolution
		HideSolutionNode = FALSE
	EndGlobalSection
	GlobalSection(ExtensibilityGlobals) = postSolution
		SolutionGuid = {31EF2513-35CF-440E-A9E9-E8883A4073CE}
	EndGlobalSection
EndGlobal
